// !$*UTF8*$!
{
	archiveVersion = 1;
	classes = {
	};
	objectVersion = 50;
	objects = {

/* Begin PBXBuildFile section */
		25B3AD9B26C51F5C00592914 /* Complete_Learning_AppApp.swift in Sources */ = {isa = PBXBuildFile; fileRef = 25B3AD9A26C51F5C00592914 /* Complete_Learning_AppApp.swift */; };
		25B3AD9D26C51F5C00592914 /* HomeView.swift in Sources */ = {isa = PBXBuildFile; fileRef = 25B3AD9C26C51F5C00592914 /* HomeView.swift */; };
		25B3AD9F26C51F5D00592914 /* Assets.xcassets in Resources */ = {isa = PBXBuildFile; fileRef = 25B3AD9E26C51F5D00592914 /* Assets.xcassets */; };
		25B3ADA226C51F5D00592914 /* Preview Assets.xcassets in Resources */ = {isa = PBXBuildFile; fileRef = 25B3ADA126C51F5D00592914 /* Preview Assets.xcassets */; };
		25B3ADAF26C521A500592914 /* ContentModel.swift in Sources */ = {isa = PBXBuildFile; fileRef = 25B3ADAE26C521A500592914 /* ContentModel.swift */; };
		25B3ADB126C521AD00592914 /* Model.swift in Sources */ = {isa = PBXBuildFile; fileRef = 25B3ADB026C521AD00592914 /* Model.swift */; };
		25B3ADB326C521FF00592914 /* data.json in Resources */ = {isa = PBXBuildFile; fileRef = 25B3ADB226C521FF00592914 /* data.json */; };
		25B3ADB526C5220900592914 /* style.html in Resources */ = {isa = PBXBuildFile; fileRef = 25B3ADB426C5220900592914 /* style.html */; };
/* End PBXBuildFile section */

/* Begin PBXFileReference section */
		25B3AD9726C51F5C00592914 /* Complete_Learning_App.app */ = {isa = PBXFileReference; explicitFileType = wrapper.application; includeInIndex = 0; path = Complete_Learning_App.app; sourceTree = BUILT_PRODUCTS_DIR; };
		25B3AD9A26C51F5C00592914 /* Complete_Learning_AppApp.swift */ = {isa = PBXFileReference; lastKnownFileType = sourcecode.swift; path = Complete_Learning_AppApp.swift; sourceTree = "<group>"; };
		25B3AD9C26C51F5C00592914 /* HomeView.swift */ = {isa = PBXFileReference; lastKnownFileType = sourcecode.swift; path = HomeView.swift; sourceTree = "<group>"; };
		25B3AD9E26C51F5D00592914 /* Assets.xcassets */ = {isa = PBXFileReference; lastKnownFileType = folder.assetcatalog; path = Assets.xcassets; sourceTree = "<group>"; };
		25B3ADA126C51F5D00592914 /* Preview Assets.xcassets */ = {isa = PBXFileReference; lastKnownFileType = folder.assetcatalog; path = "Preview Assets.xcassets"; sourceTree = "<group>"; };
		25B3ADA326C51F5D00592914 /* Info.plist */ = {isa = PBXFileReference; lastKnownFileType = text.plist.xml; path = Info.plist; sourceTree = "<group>"; };
		25B3ADAE26C521A500592914 /* ContentModel.swift */ = {isa = PBXFileReference; lastKnownFileType = sourcecode.swift; path = ContentModel.swift; sourceTree = "<group>"; };
		25B3ADB026C521AD00592914 /* Model.swift */ = {isa = PBXFileReference; lastKnownFileType = sourcecode.swift; path = Model.swift; sourceTree = "<group>"; };
		25B3ADB226C521FF00592914 /* data.json */ = {isa = PBXFileReference; fileEncoding = 4; lastKnownFileType = text.json; name = data.json; path = "../../../../Downloads/LearningApp lesson 5/LearningApp/Resources/data.json"; sourceTree = "<group>"; };
		25B3ADB426C5220900592914 /* style.html */ = {isa = PBXFileReference; fileEncoding = 4; lastKnownFileType = text.html; name = style.html; path = "../../../../Downloads/LearningApp lesson 5/LearningApp/Resources/style.html"; sourceTree = "<group>"; };
/* End PBXFileReference section */

/* Begin PBXFrameworksBuildPhase section */
		25B3AD9426C51F5C00592914 /* Frameworks */ = {
			isa = PBXFrameworksBuildPhase;
			buildActionMask = 2147483647;
			files = (
			);
			runOnlyForDeploymentPostprocessing = 0;
		};
/* End PBXFrameworksBuildPhase section */

/* Begin PBXGroup section */
		25B3AD8E26C51F5C00592914 = {
			isa = PBXGroup;
			children = (
				25B3AD9926C51F5C00592914 /* Complete_Learning_App */,
				25B3AD9826C51F5C00592914 /* Products */,
			);
			sourceTree = "<group>";
		};
		25B3AD9826C51F5C00592914 /* Products */ = {
			isa = PBXGroup;
			children = (
				25B3AD9726C51F5C00592914 /* Complete_Learning_App.app */,
			);
			name = Products;
			sourceTree = "<group>";
		};
		25B3AD9926C51F5C00592914 /* Complete_Learning_App */ = {
			isa = PBXGroup;
			children = (
				25B3AD9A26C51F5C00592914 /* Complete_Learning_AppApp.swift */,
				25B3ADAB26C5216E00592914 /* Views */,
				25B3ADAA26C5216400592914 /* ViewModel */,
				25B3ADA926C5215900592914 /* Models */,
				25B3ADAC26C5217800592914 /* Resource */,
				25B3ADAD26C5218300592914 /* Helpers */,
				25B3AD9E26C51F5D00592914 /* Assets.xcassets */,
				25B3ADA326C51F5D00592914 /* Info.plist */,
				25B3ADA026C51F5D00592914 /* Preview Content */,
			);
			path = Complete_Learning_App;
			sourceTree = "<group>";
		};
		25B3ADA026C51F5D00592914 /* Preview Content */ = {
			isa = PBXGroup;
			children = (
				25B3ADA126C51F5D00592914 /* Preview Assets.xcassets */,
			);
			path = "Preview Content";
			sourceTree = "<group>";
		};
		25B3ADA926C5215900592914 /* Models */ = {
			isa = PBXGroup;
			children = (
				25B3ADB026C521AD00592914 /* Model.swift */,
			);
			path = Models;
			sourceTree = "<group>";
		};
		25B3ADAA26C5216400592914 /* ViewModel */ = {
			isa = PBXGroup;
			children = (
				25B3ADAE26C521A500592914 /* ContentModel.swift */,
			);
			path = ViewModel;
			sourceTree = "<group>";
		};
		25B3ADAB26C5216E00592914 /* Views */ = {
			isa = PBXGroup;
			children = (
				25B3AD9C26C51F5C00592914 /* HomeView.swift */,
			);
			path = Views;
			sourceTree = "<group>";
		};
		25B3ADAC26C5217800592914 /* Resource */ = {
			isa = PBXGroup;
			children = (
				25B3ADB226C521FF00592914 /* data.json */,
				25B3ADB426C5220900592914 /* style.html */,
			);
			path = Resource;
			sourceTree = "<group>";
		};
		25B3ADAD26C5218300592914 /* Helpers */ = {
			isa = PBXGroup;
			children = (
			);
			path = Helpers;
			sourceTree = "<group>";
		};
/* End PBXGroup section */

/* Begin PBXNativeTarget section */
		25B3AD9626C51F5C00592914 /* Complete_Learning_App */ = {
			isa = PBXNativeTarget;
			buildConfigurationList = 25B3ADA626C51F5D00592914 /* Build configuration list for PBXNativeTarget "Complete_Learning_App" */;
			buildPhases = (
				25B3AD9326C51F5C00592914 /* Sources */,
				25B3AD9426C51F5C00592914 /* Frameworks */,
				25B3AD9526C51F5C00592914 /* Resources */,
			);
			buildRules = (
			);
			dependencies = (
			);
			name = Complete_Learning_App;
			productName = Complete_Learning_App;
			productReference = 25B3AD9726C51F5C00592914 /* Complete_Learning_App.app */;
			productType = "com.apple.product-type.application";
		};
/* End PBXNativeTarget section */

/* Begin PBXProject section */
		25B3AD8F26C51F5C00592914 /* Project object */ = {
			isa = PBXProject;
			attributes = {
				LastSwiftUpdateCheck = 1250;
				LastUpgradeCheck = 1250;
				TargetAttributes = {
					25B3AD9626C51F5C00592914 = {
						CreatedOnToolsVersion = 12.5;
					};
				};
			};
			buildConfigurationList = 25B3AD9226C51F5C00592914 /* Build configuration list for PBXProject "Complete_Learning_App" */;
			compatibilityVersion = "Xcode 9.3";
			developmentRegion = en;
			hasScannedForEncodings = 0;
			knownRegions = (
				en,
				Base,
			);
			mainGroup = 25B3AD8E26C51F5C00592914;
			productRefGroup = 25B3AD9826C51F5C00592914 /* Products */;
			projectDirPath = "";
			projectRoot = "";
			targets = (
				25B3AD9626C51F5C00592914 /* Complete_Learning_App */,
			);
		};
/* End PBXProject section */

/* Begin PBXResourcesBuildPhase section */
		25B3AD9526C51F5C00592914 /* Resources */ = {
			isa = PBXResourcesBuildPhase;
			buildActionMask = 2147483647;
			files = (
				25B3ADA226C51F5D00592914 /* Preview Assets.xcassets in Resources */,
				25B3ADB326C521FF00592914 /* data.json in Resources */,
				25B3ADB526C5220900592914 /* style.html in Resources */,
				25B3AD9F26C51F5D00592914 /* Assets.xcassets in Resources */,
			);
			runOnlyForDeploymentPostprocessing = 0;
		};
/* End PBXResourcesBuildPhase section */

/* Begin PBXSourcesBuildPhase section */
		25B3AD9326C51F5C00592914 /* Sources */ = {
			isa = PBXSourcesBuildPhase;
			buildActionMask = 2147483647;
			files = (
				25B3AD9D26C51F5C00592914 /* HomeView.swift in Sources */,
				25B3AD9B26C51F5C00592914 /* Complete_Learning_AppApp.swift in Sources */,
				25B3ADAF26C521A500592914 /* ContentModel.swift in Sources */,
				25B3ADB126C521AD00592914 /* Model.swift in Sources */,
			);
			runOnlyForDeploymentPostprocessing = 0;
		};
/* End PBXSourcesBuildPhase section */

/* Begin XCBuildConfiguration section */
		25B3ADA426C51F5D00592914 /* Debug */ = {
			isa = XCBuildConfiguration;
			buildSettings = {
				ALWAYS_SEARCH_USER_PATHS = NO;
				CLANG_ANALYZER_NONNULL = YES;
				CLANG_ANALYZER_NUMBER_OBJECT_CONVERSION = YES_AGGRESSIVE;
				CLANG_CXX_LANGUAGE_STANDARD = "gnu++14";
				CLANG_CXX_LIBRARY = "libc++";
				CLANG_ENABLE_MODULES = YES;
				CLANG_ENABLE_OBJC_ARC = YES;
				CLANG_ENABLE_OBJC_WEAK = YES;
				CLANG_WARN_BLOCK_CAPTURE_AUTORELEASING = YES;
				CLANG_WARN_BOOL_CONVERSION = YES;
				CLANG_WARN_COMMA = YES;
				CLANG_WARN_CONSTANT_CONVERSION = YES;
				CLANG_WARN_DEPRECATED_OBJC_IMPLEMENTATIONS = YES;
				CLANG_WARN_DIRECT_OBJC_ISA_USAGE = YES_ERROR;
				CLANG_WARN_DOCUMENTATION_COMMENTS = YES;
				CLANG_WARN_EMPTY_BODY = YES;
				CLANG_WARN_ENUM_CONVERSION = YES;
				CLANG_WARN_INFINITE_RECURSION = YES;
				CLANG_WARN_INT_CONVERSION = YES;
				CLANG_WARN_NON_LITERAL_NULL_CONVERSION = YES;
				CLANG_WARN_OBJC_IMPLICIT_RETAIN_SELF = YES;
				CLANG_WARN_OBJC_LITERAL_CONVERSION = YES;
				CLANG_WARN_OBJC_ROOT_CLASS = YES_ERROR;
				CLANG_WARN_QUOTED_INCLUDE_IN_FRAMEWORK_HEADER = YES;
				CLANG_WARN_RANGE_LOOP_ANALYSIS = YES;
				CLANG_WARN_STRICT_PROTOTYPES = YES;
				CLANG_WARN_SUSPICIOUS_MOVE = YES;
				CLANG_WARN_UNGUARDED_AVAILABILITY = YES_AGGRESSIVE;
				CLANG_WARN_UNREACHABLE_CODE = YES;
				CLANG_WARN__DUPLICATE_METHOD_MATCH = YES;
				COPY_PHASE_STRIP = NO;
				DEBUG_INFORMATION_FORMAT = dwarf;
				ENABLE_STRICT_OBJC_MSGSEND = YES;
				ENABLE_TESTABILITY = YES;
				GCC_C_LANGUAGE_STANDARD = gnu11;
				GCC_DYNAMIC_NO_PIC = NO;
				GCC_NO_COMMON_BLOCKS = YES;
				GCC_OPTIMIZATION_LEVEL = 0;
				GCC_PREPROCESSOR_DEFINITIONS = (
					"DEBUG=1",
					"$(inherited)",
				);
				GCC_WARN_64_TO_32_BIT_CONVERSION = YES;
				GCC_WARN_ABOUT_RETURN_TYPE = YES_ERROR;
				GCC_WARN_UNDECLARED_SELECTOR = YES;
				GCC_WARN_UNINITIALIZED_AUTOS = YES_AGGRESSIVE;
				GCC_WARN_UNUSED_FUNCTION = YES;
				GCC_WARN_UNUSED_VARIABLE = YES;
				IPHONEOS_DEPLOYMENT_TARGET = 14.5;
				MTL_ENABLE_DEBUG_INFO = INCLUDE_SOURCE;
				MTL_FAST_MATH = YES;
				ONLY_ACTIVE_ARCH = YES;
				SDKROOT = iphoneos;
				SWIFT_ACTIVE_COMPILATION_CONDITIONS = DEBUG;
				SWIFT_OPTIMIZATION_LEVEL = "-Onone";
			};
			name = Debug;
		};
		25B3ADA526C51F5D00592914 /* Release */ = {
			isa = XCBuildConfiguration;
			buildSettings = {
				ALWAYS_SEARCH_USER_PATHS = NO;
				CLANG_ANALYZER_NONNULL = YES;
				CLANG_ANALYZER_NUMBER_OBJECT_CONVERSION = YES_AGGRESSIVE;
				CLANG_CXX_LANGUAGE_STANDARD = "gnu++14";
				CLANG_CXX_LIBRARY = "libc++";
				CLANG_ENABLE_MODULES = YES;
				CLANG_ENABLE_OBJC_ARC = YES;
				CLANG_ENABLE_OBJC_WEAK = YES;
				CLANG_WARN_BLOCK_CAPTURE_AUTORELEASING = YES;
				CLANG_WARN_BOOL_CONVERSION = YES;
				CLANG_WARN_COMMA = YES;
				CLANG_WARN_CONSTANT_CONVERSION = YES;
				CLANG_WARN_DEPRECATED_OBJC_IMPLEMENTATIONS = YES;
				CLANG_WARN_DIRECT_OBJC_ISA_USAGE = YES_ERROR;
				CLANG_WARN_DOCUMENTATION_COMMENTS = YES;
				CLANG_WARN_EMPTY_BODY = YES;
				CLANG_WARN_ENUM_CONVERSION = YES;
				CLANG_WARN_INFINITE_RECURSION = YES;
				CLANG_WARN_INT_CONVERSION = YES;
				CLANG_WARN_NON_LITERAL_NULL_CONVERSION = YES;
				CLANG_WARN_OBJC_IMPLICIT_RETAIN_SELF = YES;
				CLANG_WARN_OBJC_LITERAL_CONVERSION = YES;
				CLANG_WARN_OBJC_ROOT_CLASS = YES_ERROR;
				CLANG_WARN_QUOTED_INCLUDE_IN_FRAMEWORK_HEADER = YES;
				CLANG_WARN_RANGE_LOOP_ANALYSIS = YES;
				CLANG_WARN_STRICT_PROTOTYPES = YES;
				CLANG_WARN_SUSPICIOUS_MOVE = YES;
				CLANG_WARN_UNGUARDED_AVAILABILITY = YES_AGGRESSIVE;
				CLANG_WARN_UNREACHABLE_CODE = YES;
				CLANG_WARN__DUPLICATE_METHOD_MATCH = YES;
				COPY_PHASE_STRIP = NO;
				DEBUG_INFORMATION_FORMAT = "dwarf-with-dsym";
				ENABLE_NS_ASSERTIONS = NO;
				ENABLE_STRICT_OBJC_MSGSEND = YES;
				GCC_C_LANGUAGE_STANDARD = gnu11;
				GCC_NO_COMMON_BLOCKS = YES;
				GCC_WARN_64_TO_32_BIT_CONVERSION = YES;
				GCC_WARN_ABOUT_RETURN_TYPE = YES_ERROR;
				GCC_WARN_UNDECLARED_SELECTOR = YES;
				GCC_WARN_UNINITIALIZED_AUTOS = YES_AGGRESSIVE;
				GCC_WARN_UNUSED_FUNCTION = YES;
				GCC_WARN_UNUSED_VARIABLE = YES;
				IPHONEOS_DEPLOYMENT_TARGET = 14.5;
				MTL_ENABLE_DEBUG_INFO = NO;
				MTL_FAST_MATH = YES;
				SDKROOT = iphoneos;
				SWIFT_COMPILATION_MODE = wholemodule;
				SWIFT_OPTIMIZATION_LEVEL = "-O";
				VALIDATE_PRODUCT = YES;
			};
			name = Release;
		};
		25B3ADA726C51F5D00592914 /* Debug */ = {
			isa = XCBuildConfiguration;
			buildSettings = {
				ASSETCATALOG_COMPILER_APPICON_NAME = AppIcon;
				ASSETCATALOG_COMPILER_GLOBAL_ACCENT_COLOR_NAME = AccentColor;
				CODE_SIGN_STYLE = Automatic;
				DEVELOPMENT_ASSET_PATHS = "\"Complete_Learning_App/Preview Content\"";
				DEVELOPMENT_TEAM = MMUQ73B89T;
				ENABLE_PREVIEWS = YES;
				INFOPLIST_FILE = Complete_Learning_App/Info.plist;
				IPHONEOS_DEPLOYMENT_TARGET = 14.0;
				LD_RUNPATH_SEARCH_PATHS = (
					"$(inherited)",
					"@executable_path/Frameworks",
				);
				PRODUCT_BUNDLE_IDENTIFIER = "com.Ibrahim.Complete-Learning-App";
				PRODUCT_NAME = "$(TARGET_NAME)";
				SWIFT_VERSION = 5.0;
				TARGETED_DEVICE_FAMILY = "1,2";
			};
			name = Debug;
		};
		25B3ADA826C51F5D00592914 /* Release */ = {
			isa = XCBuildConfiguration;
			buildSettings = {
				ASSETCATALOG_COMPILER_APPICON_NAME = AppIcon;
				ASSETCATALOG_COMPILER_GLOBAL_ACCENT_COLOR_NAME = AccentColor;
				CODE_SIGN_STYLE = Automatic;
				DEVELOPMENT_ASSET_PATHS = "\"Complete_Learning_App/Preview Content\"";
				DEVELOPMENT_TEAM = MMUQ73B89T;
				ENABLE_PREVIEWS = YES;
				INFOPLIST_FILE = Complete_Learning_App/Info.plist;
				IPHONEOS_DEPLOYMENT_TARGET = 14.0;
				LD_RUNPATH_SEARCH_PATHS = (
					"$(inherited)",
					"@executable_path/Frameworks",
				);
				PRODUCT_BUNDLE_IDENTIFIER = "com.Ibrahim.Complete-Learning-App";
				PRODUCT_NAME = "$(TARGET_NAME)";
				SWIFT_VERSION = 5.0;
				TARGETED_DEVICE_FAMILY = "1,2";
			};
			name = Release;
		};
/* End XCBuildConfiguration section */

/* Begin XCConfigurationList section */
		25B3AD9226C51F5C00592914 /* Build configuration list for PBXProject "Complete_Learning_App" */ = {
			isa = XCConfigurationList;
			buildConfigurations = (
				25B3ADA426C51F5D00592914 /* Debug */,
				25B3ADA526C51F5D00592914 /* Release */,
			);
			defaultConfigurationIsVisible = 0;
			defaultConfigurationName = Release;
		};
		25B3ADA626C51F5D00592914 /* Build configuration list for PBXNativeTarget "Complete_Learning_App" */ = {
			isa = XCConfigurationList;
			buildConfigurations = (
				25B3ADA726C51F5D00592914 /* Debug */,
				25B3ADA826C51F5D00592914 /* Release */,
			);
			defaultConfigurationIsVisible = 0;
			defaultConfigurationName = Release;
		};
/* End XCConfigurationList section */
	};
	rootObject = 25B3AD8F26C51F5C00592914 /* Project object */;
}
